
Microsoft Visual Studio Solution File, Format Version 12.00
# Visual Studio Version 17
VisualStudioVersion = 17.1.32210.238
MinimumVisualStudioVersion = 10.0.40219.1
Project("{9A19103F-16F7-4668-BE54-9A1E7A4F7556}") = "vm", "src\vm\vm.csproj", "{5A606EB5-E941-4F31-A79F-CC6605874889}"
EndProject
Project("{9A19103F-16F7-4668-BE54-9A1E7A4F7556}") = "vm.lib", "src\vm.lib\vm.lib.csproj", "{00BC1895-46CD-4003-A143-ACB5E7576484}"
EndProject
Project("{6EC3EE1D-3C4E-46DD-8F32-0CC8E7565705}") = "asm.lib", "src\vm.asm\asm.lib.fsproj", "{2111C384-F0E1-45CE-8809-DDA1FE81F555}"
EndProject
Project("{9A19103F-16F7-4668-BE54-9A1E7A4F7556}") = "asm", "src\asm\asm.csproj", "{5ADE6EC5-FE59-4F29-87F0-F61C9FAD9941}"
EndProject
Project("{6EC3EE1D-3C4E-46DD-8F32-0CC8E7565705}") = "test.integration", "test\test.integration\test.integration.fsproj", "{634777F1-B80E-4B92-9440-CBB37632EDBB}"
EndProject
Project("{2150E333-8FDC-42A3-9474-1A3956D46DE8}") = "test", "test", "{E3403A33-CB9F-4463-8D72-E30ADEFC57B6}"
EndProject
Project("{FAE04EC0-301F-11D3-BF4B-00C04F79EFBC}") = "asm.lib.macro", "src\asm.lib.macro\asm.lib.macro.csproj", "{6264396E-9E85-4F58-B04C-9D301C88366F}"
EndProject
Global
	GlobalSection(SolutionConfigurationPlatforms) = preSolution
		Debug|Any CPU = Debug|Any CPU
		Release|Any CPU = Release|Any CPU
	EndGlobalSection
	GlobalSection(ProjectConfigurationPlatforms) = postSolution
		{5A606EB5-E941-4F31-A79F-CC6605874889}.Debug|Any CPU.ActiveCfg = Debug|Any CPU
		{5A606EB5-E941-4F31-A79F-CC6605874889}.Debug|Any CPU.Build.0 = Debug|Any CPU
		{5A606EB5-E941-4F31-A79F-CC6605874889}.Release|Any CPU.ActiveCfg = Release|Any CPU
		{5A606EB5-E941-4F31-A79F-CC6605874889}.Release|Any CPU.Build.0 = Release|Any CPU
		{00BC1895-46CD-4003-A143-ACB5E7576484}.Debug|Any CPU.ActiveCfg = Debug|Any CPU
		{00BC1895-46CD-4003-A143-ACB5E7576484}.Debug|Any CPU.Build.0 = Debug|Any CPU
		{00BC1895-46CD-4003-A143-ACB5E7576484}.Release|Any CPU.ActiveCfg = Release|Any CPU
		{00BC1895-46CD-4003-A143-ACB5E7576484}.Release|Any CPU.Build.0 = Release|Any CPU
		{2111C384-F0E1-45CE-8809-DDA1FE81F555}.Debug|Any CPU.ActiveCfg = Debug|Any CPU
		{2111C384-F0E1-45CE-8809-DDA1FE81F555}.Debug|Any CPU.Build.0 = Debug|Any CPU
		{2111C384-F0E1-45CE-8809-DDA1FE81F555}.Release|Any CPU.ActiveCfg = Release|Any CPU
		{2111C384-F0E1-45CE-8809-DDA1FE81F555}.Release|Any CPU.Build.0 = Release|Any CPU
		{5ADE6EC5-FE59-4F29-87F0-F61C9FAD9941}.Debug|Any CPU.ActiveCfg = Debug|Any CPU
		{5ADE6EC5-FE59-4F29-87F0-F61C9FAD9941}.Debug|Any CPU.Build.0 = Debug|Any CPU
		{5ADE6EC5-FE59-4F29-87F0-F61C9FAD9941}.Release|Any CPU.ActiveCfg = Release|Any CPU
		{5ADE6EC5-FE59-4F29-87F0-F61C9FAD9941}.Release|Any CPU.Build.0 = Release|Any CPU
		{634777F1-B80E-4B92-9440-CBB37632EDBB}.Debug|Any CPU.ActiveCfg = Debug|Any CPU
		{634777F1-B80E-4B92-9440-CBB37632EDBB}.Debug|Any CPU.Build.0 = Debug|Any CPU
		{634777F1-B80E-4B92-9440-CBB37632EDBB}.Release|Any CPU.ActiveCfg = Release|Any CPU
		{634777F1-B80E-4B92-9440-CBB37632EDBB}.Release|Any CPU.Build.0 = Release|Any CPU
		{6264396E-9E85-4F58-B04C-9D301C88366F}.Debug|Any CPU.ActiveCfg = Debug|Any CPU
		{6264396E-9E85-4F58-B04C-9D301C88366F}.Debug|Any CPU.Build.0 = Debug|Any CPU
		{6264396E-9E85-4F58-B04C-9D301C88366F}.Release|Any CPU.ActiveCfg = Release|Any CPU
		{6264396E-9E85-4F58-B04C-9D301C88366F}.Release|Any CPU.Build.0 = Release|Any CPU
	EndGlobalSection
	GlobalSection(SolutionProperties) = preSolution
		HideSolutionNode = FALSE
	EndGlobalSection
	GlobalSection(NestedProjects) = preSolution
		{634777F1-B80E-4B92-9440-CBB37632EDBB} = {E3403A33-CB9F-4463-8D72-E30ADEFC57B6}
	EndGlobalSection
	GlobalSection(ExtensibilityGlobals) = postSolution
		SolutionGuid = {BA4262AA-C753-478E-88E4-B61309E8517C}
	EndGlobalSection
EndGlobal
